// !$*UTF8*$!
{
	archiveVersion = 1;
	classes = {
	};
	objectVersion = 46;
	objects = {

/* Begin PBXBuildFile section */
		B0AC4C2715DA75B80075D628 /* UIKit.framework in Frameworks */ = {isa = PBXBuildFile; fileRef = B0AC4C2615DA75B80075D628 /* UIKit.framework */; };
		B0AC4C2915DA75B80075D628 /* Foundation.framework in Frameworks */ = {isa = PBXBuildFile; fileRef = B0AC4C2815DA75B80075D628 /* Foundation.framework */; };
		B0AC4C2B15DA75B80075D628 /* CoreGraphics.framework in Frameworks */ = {isa = PBXBuildFile; fileRef = B0AC4C2A15DA75B80075D628 /* CoreGraphics.framework */; };
		B0AC4C3315DA75B80075D628 /* main.m in Sources */ = {isa = PBXBuildFile; fileRef = B0AC4C3215DA75B80075D628 /* main.m */; };
		B0AC4C7A15DA7FEA0075D628 /* QuartzCore.framework in Frameworks */ = {isa = PBXBuildFile; fileRef = B0AC4C7815DA7FE00075D628 /* QuartzCore.framework */; };
		EF01346E163BE4DB00AB0FD4 /* libsqlite3.dylib in Frameworks */ = {isa = PBXBuildFile; fileRef = EF01346D163BE4DB00AB0FD4 /* libsqlite3.dylib */; };
		EF13F0B1164AA7450040328A /* MessageUI.framework in Frameworks */ = {isa = PBXBuildFile; fileRef = EF13F0B0164AA7450040328A /* MessageUI.framework */; };
		EF59282C196B1CAD00578709 /* RTLabel.m in Sources */ = {isa = PBXBuildFile; fileRef = EF59282B196B1CAD00578709 /* RTLabel.m */; };
		EF59282E196B1D0100578709 /* CoreText.framework in Frameworks */ = {isa = PBXBuildFile; fileRef = EF59282D196B1D0100578709 /* CoreText.framework */; };
		EF844B9919CEBA5900CE392B /* Security.framework in Frameworks */ = {isa = PBXBuildFile; fileRef = EF844B9819CEBA5900CE392B /* Security.framework */; };
		EF844B9B19CEBA8700CE392B /* MobileCoreServices.framework in Frameworks */ = {isa = PBXBuildFile; fileRef = EF844B9A19CEBA8700CE392B /* MobileCoreServices.framework */; };
		EF844BA819CEBEA100CE392B /* FMDatabase.m in Sources */ = {isa = PBXBuildFile; fileRef = EF844B9E19CEBEA100CE392B /* FMDatabase.m */; };
		EF844BA919CEBEA100CE392B /* FMDatabaseAdditions.m in Sources */ = {isa = PBXBuildFile; fileRef = EF844BA019CEBEA100CE392B /* FMDatabaseAdditions.m */; };
		EF844BAA19CEBEA100CE392B /* FMDatabasePool.m in Sources */ = {isa = PBXBuildFile; fileRef = EF844BA219CEBEA100CE392B /* FMDatabasePool.m */; };
		EF844BAB19CEBEA100CE392B /* FMDatabaseQueue.m in Sources */ = {isa = PBXBuildFile; fileRef = EF844BA419CEBEA100CE392B /* FMDatabaseQueue.m */; };
		EF844BAC19CEBEA100CE392B /* FMResultSet.m in Sources */ = {isa = PBXBuildFile; fileRef = EF844BA719CEBEA100CE392B /* FMResultSet.m */; };
		EF9434901879D7C4003D7BEF /* iTunesArtwork in Resources */ = {isa = PBXBuildFile; fileRef = EF9434241879D7C4003D7BEF /* iTunesArtwork */; };
		EF9434911879D7C4003D7BEF /* iTunesArtwork@2x in Resources */ = {isa = PBXBuildFile; fileRef = EF9434251879D7C4003D7BEF /* iTunesArtwork@2x */; };
		EF94349D1879D7C4003D7BEF /* Default-568h@2x.png in Resources */ = {isa = PBXBuildFile; fileRef = EF9434331879D7C4003D7BEF /* Default-568h@2x.png */; };
		EF94349E1879D7C4003D7BEF /* Default-Landscape@2x~ipad.png in Resources */ = {isa = PBXBuildFile; fileRef = EF9434341879D7C4003D7BEF /* Default-Landscape@2x~ipad.png */; };
		EF94349F1879D7C4003D7BEF /* Default-Landscape~ipad.png in Resources */ = {isa = PBXBuildFile; fileRef = EF9434351879D7C4003D7BEF /* Default-Landscape~ipad.png */; };
		EF9434A01879D7C4003D7BEF /* Default.png in Resources */ = {isa = PBXBuildFile; fileRef = EF9434361879D7C4003D7BEF /* Default.png */; };
		EF9434A11879D7C4003D7BEF /* Default@2x.png in Resources */ = {isa = PBXBuildFile; fileRef = EF9434371879D7C4003D7BEF /* Default@2x.png */; };
		EF9434A21879D7C4003D7BEF /* hvezdarna-logo.png in Resources */ = {isa = PBXBuildFile; fileRef = EF9434381879D7C4003D7BEF /* hvezdarna-logo.png */; };
		EF9434A31879D7C4003D7BEF /* hvezdarna-logo@2x.png in Resources */ = {isa = PBXBuildFile; fileRef = EF9434391879D7C4003D7BEF /* hvezdarna-logo@2x.png */; };
		EF9434A71879D7C4003D7BEF /* about@2x.png in Resources */ = {isa = PBXBuildFile; fileRef = EF94343E1879D7C4003D7BEF /* about@2x.png */; };
		EF9434A91879D7C4003D7BEF /* actual@2x.png in Resources */ = {isa = PBXBuildFile; fileRef = EF9434401879D7C4003D7BEF /* actual@2x.png */; };
		EF9434AB1879D7C4003D7BEF /* programme@2x.png in Resources */ = {isa = PBXBuildFile; fileRef = EF9434421879D7C4003D7BEF /* programme@2x.png */; };
		EF9434AD1879D7C4003D7BEF /* twitter@2x.png in Resources */ = {isa = PBXBuildFile; fileRef = EF9434441879D7C4003D7BEF /* twitter@2x.png */; };
		EF9434B21879D7C4003D7BEF /* logo.png in Resources */ = {isa = PBXBuildFile; fileRef = EF9434491879D7C4003D7BEF /* logo.png */; };
		EF9434B31879D7C4003D7BEF /* logo@2x.png in Resources */ = {isa = PBXBuildFile; fileRef = EF94344A1879D7C4003D7BEF /* logo@2x.png */; };
		EF9434B81879D7C4003D7BEF /* navigation.png in Resources */ = {isa = PBXBuildFile; fileRef = EF94344F1879D7C4003D7BEF /* navigation.png */; };
		EF9434B91879D7C4003D7BEF /* navigation@2x.png in Resources */ = {isa = PBXBuildFile; fileRef = EF9434501879D7C4003D7BEF /* navigation@2x.png */; };
		EF9434BC1879D7C4003D7BEF /* o-hvezdarne-bg@2x.png in Resources */ = {isa = PBXBuildFile; fileRef = EF9434531879D7C4003D7BEF /* o-hvezdarne-bg@2x.png */; };
		EF9434C21879D7C4003D7BEF /* tabbar-bg.png in Resources */ = {isa = PBXBuildFile; fileRef = EF9434591879D7C4003D7BEF /* tabbar-bg.png */; };
		EF9434C31879D7C4003D7BEF /* tabbar-bg@2x.png in Resources */ = {isa = PBXBuildFile; fileRef = EF94345A1879D7C4003D7BEF /* tabbar-bg@2x.png */; };
		EF9434C71879D7C4003D7BEF /* clear_sun@2x.png in Resources */ = {isa = PBXBuildFile; fileRef = EF94345F1879D7C4003D7BEF /* clear_sun@2x.png */; };
		EF9434C91879D7C4003D7BEF /* cloudy@2x.png in Resources */ = {isa = PBXBuildFile; fileRef = EF9434611879D7C4003D7BEF /* cloudy@2x.png */; };
		EF9434D71879D7C4003D7BEF /* rain@2x.png in Resources */ = {isa = PBXBuildFile; fileRef = EF94346F1879D7C4003D7BEF /* rain@2x.png */; };
		EFA681F816502A8D007BDA4F /* SystemConfiguration.framework in Frameworks */ = {isa = PBXBuildFile; fileRef = EFA681F716502A8D007BDA4F /* SystemConfiguration.framework */; };
		EFB64467197474E100F51C8F /* AppIcon29x29.png in Resources */ = {isa = PBXBuildFile; fileRef = EFB64459197474E100F51C8F /* AppIcon29x29.png */; };
		EFB64468197474E100F51C8F /* AppIcon29x29@2x.png in Resources */ = {isa = PBXBuildFile; fileRef = EFB6445A197474E100F51C8F /* AppIcon29x29@2x.png */; };
		EFB64469197474E100F51C8F /* AppIcon40x40.png in Resources */ = {isa = PBXBuildFile; fileRef = EFB6445B197474E100F51C8F /* AppIcon40x40.png */; };
		EFB6446A197474E100F51C8F /* AppIcon40x40@2x.png in Resources */ = {isa = PBXBuildFile; fileRef = EFB6445C197474E100F51C8F /* AppIcon40x40@2x.png */; };
		EFB6446B197474E100F51C8F /* AppIcon50x50.png in Resources */ = {isa = PBXBuildFile; fileRef = EFB6445D197474E100F51C8F /* AppIcon50x50.png */; };
		EFB6446C197474E100F51C8F /* AppIcon50x50@2x.png in Resources */ = {isa = PBXBuildFile; fileRef = EFB6445E197474E100F51C8F /* AppIcon50x50@2x.png */; };
		EFB6446D197474E100F51C8F /* AppIcon57x57.png in Resources */ = {isa = PBXBuildFile; fileRef = EFB6445F197474E100F51C8F /* AppIcon57x57.png */; };
		EFB6446E197474E100F51C8F /* AppIcon57x57@2x.png in Resources */ = {isa = PBXBuildFile; fileRef = EFB64460197474E100F51C8F /* AppIcon57x57@2x.png */; };
		EFB6446F197474E100F51C8F /* AppIcon60x60.png in Resources */ = {isa = PBXBuildFile; fileRef = EFB64461197474E100F51C8F /* AppIcon60x60.png */; };
		EFB64470197474E100F51C8F /* AppIcon60x60@2x.png in Resources */ = {isa = PBXBuildFile; fileRef = EFB64462197474E100F51C8F /* AppIcon60x60@2x.png */; };
		EFB64471197474E100F51C8F /* AppIcon72x72.png in Resources */ = {isa = PBXBuildFile; fileRef = EFB64463197474E100F51C8F /* AppIcon72x72.png */; };
		EFB64472197474E100F51C8F /* AppIcon72x72@2x.png in Resources */ = {isa = PBXBuildFile; fileRef = EFB64464197474E100F51C8F /* AppIcon72x72@2x.png */; };
		EFB64473197474E100F51C8F /* AppIcon76x76.png in Resources */ = {isa = PBXBuildFile; fileRef = EFB64465197474E100F51C8F /* AppIcon76x76.png */; };
		EFB64474197474E100F51C8F /* AppIcon76x76@2x.png in Resources */ = {isa = PBXBuildFile; fileRef = EFB64466197474E100F51C8F /* AppIcon76x76@2x.png */; };
		EFC2DBA1196335D7006902DE /* WeatherViewController.m in Sources */ = {isa = PBXBuildFile; fileRef = EFC2DB74196335D7006902DE /* WeatherViewController.m */; };
		EFC2DBA5196335D7006902DE /* AppDelegate.m in Sources */ = {isa = PBXBuildFile; fileRef = EFC2DB7A196335D7006902DE /* AppDelegate.m */; };
		EFC2DBA6196335D7006902DE /* AboutObservatoryViewController.m in Sources */ = {isa = PBXBuildFile; fileRef = EFC2DB7C196335D7006902DE /* AboutObservatoryViewController.m */; };
		EFC2DBA7196335D7006902DE /* AboutObservatoryViewController.xib in Resources */ = {isa = PBXBuildFile; fileRef = EFC2DB7D196335D7006902DE /* AboutObservatoryViewController.xib */; };
		EFC2DBA9196335D7006902DE /* Program.m in Sources */ = {isa = PBXBuildFile; fileRef = EFC2DB80196335D7006902DE /* Program.m */; };
		EFC2DBAA196335D7006902DE /* ProgramCellView.m in Sources */ = {isa = PBXBuildFile; fileRef = EFC2DB82196335D7006902DE /* ProgramCellView.m */; };
		EFC2DBAB196335D7006902DE /* ProgramCellView.xib in Resources */ = {isa = PBXBuildFile; fileRef = EFC2DB83196335D7006902DE /* ProgramCellView.xib */; };
		EFC2DBAC196335D7006902DE /* ProgramDetailCellView.m in Sources */ = {isa = PBXBuildFile; fileRef = EFC2DB85196335D7006902DE /* ProgramDetailCellView.m */; };
		EFC2DBAD196335D7006902DE /* ProgramDetailCellView.xib in Resources */ = {isa = PBXBuildFile; fileRef = EFC2DB86196335D7006902DE /* ProgramDetailCellView.xib */; };
		EFC2DBAE196335D7006902DE /* EventDetailViewController.m in Sources */ = {isa = PBXBuildFile; fileRef = EFC2DB88196335D7006902DE /* EventDetailViewController.m */; };
		EFC2DBAF196335D7006902DE /* EventDetailViewController.xib in Resources */ = {isa = PBXBuildFile; fileRef = EFC2DB89196335D7006902DE /* EventDetailViewController.xib */; };
		EFC2DBB0196335D7006902DE /* ProgramList.m in Sources */ = {isa = PBXBuildFile; fileRef = EFC2DB8B196335D7006902DE /* ProgramList.m */; };
		EFC2DBB1196335D7006902DE /* ProgramSectionView.m in Sources */ = {isa = PBXBuildFile; fileRef = EFC2DB8D196335D7006902DE /* ProgramSectionView.m */; };
		EFC2DBB2196335D7006902DE /* ProgramSplitViewController.m in Sources */ = {isa = PBXBuildFile; fileRef = EFC2DB8F196335D7006902DE /* ProgramSplitViewController.m */; };
		EFC2DBB3196335D7006902DE /* ProgramSplitViewController_iPad.xib in Resources */ = {isa = PBXBuildFile; fileRef = EFC2DB90196335D7006902DE /* ProgramSplitViewController_iPad.xib */; };
		EFC2DBB4196335D7006902DE /* EventsListViewController.m in Sources */ = {isa = PBXBuildFile; fileRef = EFC2DB92196335D7006902DE /* EventsListViewController.m */; };
		EFC2DBB5196335D7006902DE /* EventsListViewController.xib in Resources */ = {isa = PBXBuildFile; fileRef = EFC2DB93196335D7006902DE /* EventsListViewController.xib */; };
		EFC2DBB8196335D7006902DE /* UIView+position.m in Sources */ = {isa = PBXBuildFile; fileRef = EFC2DB9A196335D7006902DE /* UIView+position.m */; };
		EFC2DBB9196335D7006902DE /* Utils.m in Sources */ = {isa = PBXBuildFile; fileRef = EFC2DB9C196335D7006902DE /* Utils.m */; };
		EFC2DC0C196336C4006902DE /* AFHTTPRequestOperation.m in Sources */ = {isa = PBXBuildFile; fileRef = EFC2DBED196336C4006902DE /* AFHTTPRequestOperation.m */; };
		EFC2DC10196336C4006902DE /* AFURLConnectionOperation.m in Sources */ = {isa = PBXBuildFile; fileRef = EFC2DBF5196336C4006902DE /* AFURLConnectionOperation.m */; };
		EFC2DC18196336C4006902DE /* SVModalWebViewController.m in Sources */ = {isa = PBXBuildFile; fileRef = EFC2DC08196336C4006902DE /* SVModalWebViewController.m */; };
		EFC2DC19196336C4006902DE /* SVWebViewController.bundle in Resources */ = {isa = PBXBuildFile; fileRef = EFC2DC09196336C4006902DE /* SVWebViewController.bundle */; };
		EFC2DC1A196336C4006902DE /* SVWebViewController.m in Sources */ = {isa = PBXBuildFile; fileRef = EFC2DC0B196336C4006902DE /* SVWebViewController.m */; };
		EFC2DC2219634EDB006902DE /* background-default.jpg in Resources */ = {isa = PBXBuildFile; fileRef = EFC2DC2119634EDB006902DE /* background-default.jpg */; };
		EFC2DC3019646C06006902DE /* Accelerate.framework in Frameworks */ = {isa = PBXBuildFile; fileRef = EFC2DC2F19646C06006902DE /* Accelerate.framework */; };
		EFC2DC361964724A006902DE /* WeatherViewController.xib in Resources */ = {isa = PBXBuildFile; fileRef = EFC2DC351964724A006902DE /* WeatherViewController.xib */; };
		EFC2DC381965F160006902DE /* clear_moon@2x.png in Resources */ = {isa = PBXBuildFile; fileRef = EFC2DC371965F160006902DE /* clear_moon@2x.png */; };
		EFEACFF119CEB80800422569 /* AFHTTPRequestOperationManager.m in Sources */ = {isa = PBXBuildFile; fileRef = EFEACFE319CEB80800422569 /* AFHTTPRequestOperationManager.m */; };
		EFEACFF219CEB80800422569 /* AFHTTPSessionManager.m in Sources */ = {isa = PBXBuildFile; fileRef = EFEACFE519CEB80800422569 /* AFHTTPSessionManager.m */; };
		EFEACFF319CEB80800422569 /* AFNetworkReachabilityManager.m in Sources */ = {isa = PBXBuildFile; fileRef = EFEACFE819CEB80800422569 /* AFNetworkReachabilityManager.m */; };
		EFEACFF419CEB80800422569 /* AFSecurityPolicy.m in Sources */ = {isa = PBXBuildFile; fileRef = EFEACFEA19CEB80800422569 /* AFSecurityPolicy.m */; };
		EFEACFF519CEB80800422569 /* AFURLRequestSerialization.m in Sources */ = {isa = PBXBuildFile; fileRef = EFEACFEC19CEB80800422569 /* AFURLRequestSerialization.m */; };
		EFEACFF619CEB80800422569 /* AFURLResponseSerialization.m in Sources */ = {isa = PBXBuildFile; fileRef = EFEACFEE19CEB80800422569 /* AFURLResponseSerialization.m */; };
		EFEACFF719CEB80800422569 /* AFURLSessionManager.m in Sources */ = {isa = PBXBuildFile; fileRef = EFEACFF019CEB80800422569 /* AFURLSessionManager.m */; };
		EFECB9EE196DD24D00D524FD /* Reveal.framework in Frameworks */ = {isa = PBXBuildFile; fileRef = EFECB9ED196DD24D00D524FD /* Reveal.framework */; };
/* End PBXBuildFile section */

/* Begin PBXFileReference section */
		B0AC4C2215DA75B80075D628 /* Hvezdarna.app */ = {isa = PBXFileReference; explicitFileType = wrapper.application; includeInIndex = 0; path = Hvezdarna.app; sourceTree = BUILT_PRODUCTS_DIR; };
		B0AC4C2615DA75B80075D628 /* UIKit.framework */ = {isa = PBXFileReference; lastKnownFileType = wrapper.framework; name = UIKit.framework; path = System/Library/Frameworks/UIKit.framework; sourceTree = SDKROOT; };
		B0AC4C2815DA75B80075D628 /* Foundation.framework */ = {isa = PBXFileReference; lastKnownFileType = wrapper.framework; name = Foundation.framework; path = System/Library/Frameworks/Foundation.framework; sourceTree = SDKROOT; };
		B0AC4C2A15DA75B80075D628 /* CoreGraphics.framework */ = {isa = PBXFileReference; lastKnownFileType = wrapper.framework; name = CoreGraphics.framework; path = System/Library/Frameworks/CoreGraphics.framework; sourceTree = SDKROOT; };
		B0AC4C2E15DA75B80075D628 /* Hvezdarna-Info.plist */ = {isa = PBXFileReference; lastKnownFileType = text.plist.xml; path = "Hvezdarna-Info.plist"; sourceTree = "<group>"; };
		B0AC4C3215DA75B80075D628 /* main.m */ = {isa = PBXFileReference; lastKnownFileType = sourcecode.c.objc; lineEnding = 0; path = main.m; sourceTree = "<group>"; xcLanguageSpecificationIdentifier = xcode.lang.objc; };
		B0AC4C3415DA75B80075D628 /* Hvezdarna-Prefix.pch */ = {isa = PBXFileReference; lastKnownFileType = sourcecode.c.h; path = "Hvezdarna-Prefix.pch"; sourceTree = "<group>"; };
		B0AC4C7815DA7FE00075D628 /* QuartzCore.framework */ = {isa = PBXFileReference; lastKnownFileType = wrapper.framework; name = QuartzCore.framework; path = System/Library/Frameworks/QuartzCore.framework; sourceTree = SDKROOT; };
		EF01346D163BE4DB00AB0FD4 /* libsqlite3.dylib */ = {isa = PBXFileReference; lastKnownFileType = "compiled.mach-o.dylib"; name = libsqlite3.dylib; path = usr/lib/libsqlite3.dylib; sourceTree = SDKROOT; };
		EF13F0B0164AA7450040328A /* MessageUI.framework */ = {isa = PBXFileReference; lastKnownFileType = wrapper.framework; name = MessageUI.framework; path = System/Library/Frameworks/MessageUI.framework; sourceTree = SDKROOT; };
		EF59282A196B1CAD00578709 /* RTLabel.h */ = {isa = PBXFileReference; fileEncoding = 4; lastKnownFileType = sourcecode.c.h; path = RTLabel.h; sourceTree = "<group>"; };
		EF59282B196B1CAD00578709 /* RTLabel.m */ = {isa = PBXFileReference; fileEncoding = 4; lastKnownFileType = sourcecode.c.objc; path = RTLabel.m; sourceTree = "<group>"; };
		EF59282D196B1D0100578709 /* CoreText.framework */ = {isa = PBXFileReference; lastKnownFileType = wrapper.framework; name = CoreText.framework; path = System/Library/Frameworks/CoreText.framework; sourceTree = SDKROOT; };
		EF844B9819CEBA5900CE392B /* Security.framework */ = {isa = PBXFileReference; lastKnownFileType = wrapper.framework; name = Security.framework; path = System/Library/Frameworks/Security.framework; sourceTree = SDKROOT; };
		EF844B9A19CEBA8700CE392B /* MobileCoreServices.framework */ = {isa = PBXFileReference; lastKnownFileType = wrapper.framework; name = MobileCoreServices.framework; path = System/Library/Frameworks/MobileCoreServices.framework; sourceTree = SDKROOT; };
		EF844B9D19CEBEA100CE392B /* FMDatabase.h */ = {isa = PBXFileReference; fileEncoding = 4; lastKnownFileType = sourcecode.c.h; path = FMDatabase.h; sourceTree = "<group>"; };
		EF844B9E19CEBEA100CE392B /* FMDatabase.m */ = {isa = PBXFileReference; fileEncoding = 4; lastKnownFileType = sourcecode.c.objc; path = FMDatabase.m; sourceTree = "<group>"; };
		EF844B9F19CEBEA100CE392B /* FMDatabaseAdditions.h */ = {isa = PBXFileReference; fileEncoding = 4; lastKnownFileType = sourcecode.c.h; path = FMDatabaseAdditions.h; sourceTree = "<group>"; };
		EF844BA019CEBEA100CE392B /* FMDatabaseAdditions.m */ = {isa = PBXFileReference; fileEncoding = 4; lastKnownFileType = sourcecode.c.objc; path = FMDatabaseAdditions.m; sourceTree = "<group>"; };
		EF844BA119CEBEA100CE392B /* FMDatabasePool.h */ = {isa = PBXFileReference; fileEncoding = 4; lastKnownFileType = sourcecode.c.h; path = FMDatabasePool.h; sourceTree = "<group>"; };
		EF844BA219CEBEA100CE392B /* FMDatabasePool.m */ = {isa = PBXFileReference; fileEncoding = 4; lastKnownFileType = sourcecode.c.objc; path = FMDatabasePool.m; sourceTree = "<group>"; };
		EF844BA319CEBEA100CE392B /* FMDatabaseQueue.h */ = {isa = PBXFileReference; fileEncoding = 4; lastKnownFileType = sourcecode.c.h; path = FMDatabaseQueue.h; sourceTree = "<group>"; };
		EF844BA419CEBEA100CE392B /* FMDatabaseQueue.m */ = {isa = PBXFileReference; fileEncoding = 4; lastKnownFileType = sourcecode.c.objc; path = FMDatabaseQueue.m; sourceTree = "<group>"; };
		EF844BA519CEBEA100CE392B /* FMDB.h */ = {isa = PBXFileReference; fileEncoding = 4; lastKnownFileType = sourcecode.c.h; path = FMDB.h; sourceTree = "<group>"; };
		EF844BA619CEBEA100CE392B /* FMResultSet.h */ = {isa = PBXFileReference; fileEncoding = 4; lastKnownFileType = sourcecode.c.h; path = FMResultSet.h; sourceTree = "<group>"; };
		EF844BA719CEBEA100CE392B /* FMResultSet.m */ = {isa = PBXFileReference; fileEncoding = 4; lastKnownFileType = sourcecode.c.objc; path = FMResultSet.m; sourceTree = "<group>"; };
		EF9434241879D7C4003D7BEF /* iTunesArtwork */ = {isa = PBXFileReference; lastKnownFileType = file; path = iTunesArtwork; sourceTree = "<group>"; };
		EF9434251879D7C4003D7BEF /* iTunesArtwork@2x */ = {isa = PBXFileReference; lastKnownFileType = file; path = "iTunesArtwork@2x"; sourceTree = "<group>"; };
		EF9434331879D7C4003D7BEF /* Default-568h@2x.png */ = {isa = PBXFileReference; lastKnownFileType = image.png; path = "Default-568h@2x.png"; sourceTree = "<group>"; };
		EF9434341879D7C4003D7BEF /* Default-Landscape@2x~ipad.png */ = {isa = PBXFileReference; lastKnownFileType = image.png; path = "Default-Landscape@2x~ipad.png"; sourceTree = "<group>"; };
		EF9434351879D7C4003D7BEF /* Default-Landscape~ipad.png */ = {isa = PBXFileReference; lastKnownFileType = image.png; path = "Default-Landscape~ipad.png"; sourceTree = "<group>"; };
		EF9434361879D7C4003D7BEF /* Default.png */ = {isa = PBXFileReference; lastKnownFileType = image.png; path = Default.png; sourceTree = "<group>"; };
		EF9434371879D7C4003D7BEF /* Default@2x.png */ = {isa = PBXFileReference; lastKnownFileType = image.png; path = "Default@2x.png"; sourceTree = "<group>"; };
		EF9434381879D7C4003D7BEF /* hvezdarna-logo.png */ = {isa = PBXFileReference; lastKnownFileType = image.png; path = "hvezdarna-logo.png"; sourceTree = "<group>"; };
		EF9434391879D7C4003D7BEF /* hvezdarna-logo@2x.png */ = {isa = PBXFileReference; lastKnownFileType = image.png; path = "hvezdarna-logo@2x.png"; sourceTree = "<group>"; };
		EF94343E1879D7C4003D7BEF /* about@2x.png */ = {isa = PBXFileReference; lastKnownFileType = image.png; path = "about@2x.png"; sourceTree = "<group>"; };
		EF9434401879D7C4003D7BEF /* actual@2x.png */ = {isa = PBXFileReference; lastKnownFileType = image.png; path = "actual@2x.png"; sourceTree = "<group>"; };
		EF9434421879D7C4003D7BEF /* programme@2x.png */ = {isa = PBXFileReference; lastKnownFileType = image.png; path = "programme@2x.png"; sourceTree = "<group>"; };
		EF9434441879D7C4003D7BEF /* twitter@2x.png */ = {isa = PBXFileReference; lastKnownFileType = image.png; path = "twitter@2x.png"; sourceTree = "<group>"; };
		EF9434491879D7C4003D7BEF /* logo.png */ = {isa = PBXFileReference; lastKnownFileType = image.png; path = logo.png; sourceTree = "<group>"; };
		EF94344A1879D7C4003D7BEF /* logo@2x.png */ = {isa = PBXFileReference; lastKnownFileType = image.png; path = "logo@2x.png"; sourceTree = "<group>"; };
		EF94344F1879D7C4003D7BEF /* navigation.png */ = {isa = PBXFileReference; lastKnownFileType = image.png; path = navigation.png; sourceTree = "<group>"; };
		EF9434501879D7C4003D7BEF /* navigation@2x.png */ = {isa = PBXFileReference; lastKnownFileType = image.png; path = "navigation@2x.png"; sourceTree = "<group>"; };
		EF9434531879D7C4003D7BEF /* o-hvezdarne-bg@2x.png */ = {isa = PBXFileReference; lastKnownFileType = image.png; path = "o-hvezdarne-bg@2x.png"; sourceTree = "<group>"; };
		EF9434591879D7C4003D7BEF /* tabbar-bg.png */ = {isa = PBXFileReference; lastKnownFileType = image.png; path = "tabbar-bg.png"; sourceTree = "<group>"; };
		EF94345A1879D7C4003D7BEF /* tabbar-bg@2x.png */ = {isa = PBXFileReference; lastKnownFileType = image.png; path = "tabbar-bg@2x.png"; sourceTree = "<group>"; };
		EF94345F1879D7C4003D7BEF /* clear_sun@2x.png */ = {isa = PBXFileReference; lastKnownFileType = image.png; path = "clear_sun@2x.png"; sourceTree = "<group>"; };
		EF9434611879D7C4003D7BEF /* cloudy@2x.png */ = {isa = PBXFileReference; lastKnownFileType = image.png; path = "cloudy@2x.png"; sourceTree = "<group>"; };
		EF94346F1879D7C4003D7BEF /* rain@2x.png */ = {isa = PBXFileReference; lastKnownFileType = image.png; path = "rain@2x.png"; sourceTree = "<group>"; };
		EFA681F716502A8D007BDA4F /* SystemConfiguration.framework */ = {isa = PBXFileReference; lastKnownFileType = wrapper.framework; name = SystemConfiguration.framework; path = System/Library/Frameworks/SystemConfiguration.framework; sourceTree = SDKROOT; };
		EFB64459197474E100F51C8F /* AppIcon29x29.png */ = {isa = PBXFileReference; lastKnownFileType = image.png; path = AppIcon29x29.png; sourceTree = "<group>"; };
		EFB6445A197474E100F51C8F /* AppIcon29x29@2x.png */ = {isa = PBXFileReference; lastKnownFileType = image.png; path = "AppIcon29x29@2x.png"; sourceTree = "<group>"; };
		EFB6445B197474E100F51C8F /* AppIcon40x40.png */ = {isa = PBXFileReference; lastKnownFileType = image.png; path = AppIcon40x40.png; sourceTree = "<group>"; };
		EFB6445C197474E100F51C8F /* AppIcon40x40@2x.png */ = {isa = PBXFileReference; lastKnownFileType = image.png; path = "AppIcon40x40@2x.png"; sourceTree = "<group>"; };
		EFB6445D197474E100F51C8F /* AppIcon50x50.png */ = {isa = PBXFileReference; lastKnownFileType = image.png; path = AppIcon50x50.png; sourceTree = "<group>"; };
		EFB6445E197474E100F51C8F /* AppIcon50x50@2x.png */ = {isa = PBXFileReference; lastKnownFileType = image.png; path = "AppIcon50x50@2x.png"; sourceTree = "<group>"; };
		EFB6445F197474E100F51C8F /* AppIcon57x57.png */ = {isa = PBXFileReference; lastKnownFileType = image.png; path = AppIcon57x57.png; sourceTree = "<group>"; };
		EFB64460197474E100F51C8F /* AppIcon57x57@2x.png */ = {isa = PBXFileReference; lastKnownFileType = image.png; path = "AppIcon57x57@2x.png"; sourceTree = "<group>"; };
		EFB64461197474E100F51C8F /* AppIcon60x60.png */ = {isa = PBXFileReference; lastKnownFileType = image.png; path = AppIcon60x60.png; sourceTree = "<group>"; };
		EFB64462197474E100F51C8F /* AppIcon60x60@2x.png */ = {isa = PBXFileReference; lastKnownFileType = image.png; path = "AppIcon60x60@2x.png"; sourceTree = "<group>"; };
		EFB64463197474E100F51C8F /* AppIcon72x72.png */ = {isa = PBXFileReference; lastKnownFileType = image.png; path = AppIcon72x72.png; sourceTree = "<group>"; };
		EFB64464197474E100F51C8F /* AppIcon72x72@2x.png */ = {isa = PBXFileReference; lastKnownFileType = image.png; path = "AppIcon72x72@2x.png"; sourceTree = "<group>"; };
		EFB64465197474E100F51C8F /* AppIcon76x76.png */ = {isa = PBXFileReference; lastKnownFileType = image.png; path = AppIcon76x76.png; sourceTree = "<group>"; };
		EFB64466197474E100F51C8F /* AppIcon76x76@2x.png */ = {isa = PBXFileReference; lastKnownFileType = image.png; path = "AppIcon76x76@2x.png"; sourceTree = "<group>"; };
		EFC2DB73196335D7006902DE /* WeatherViewController.h */ = {isa = PBXFileReference; fileEncoding = 4; lastKnownFileType = sourcecode.c.h; lineEnding = 0; path = WeatherViewController.h; sourceTree = "<group>"; xcLanguageSpecificationIdentifier = xcode.lang.objcpp; };
		EFC2DB74196335D7006902DE /* WeatherViewController.m */ = {isa = PBXFileReference; fileEncoding = 4; lastKnownFileType = sourcecode.c.objc; lineEnding = 0; path = WeatherViewController.m; sourceTree = "<group>"; xcLanguageSpecificationIdentifier = xcode.lang.objc; };
		EFC2DB79196335D7006902DE /* AppDelegate.h */ = {isa = PBXFileReference; fileEncoding = 4; lastKnownFileType = sourcecode.c.h; lineEnding = 0; path = AppDelegate.h; sourceTree = "<group>"; xcLanguageSpecificationIdentifier = xcode.lang.objcpp; };
		EFC2DB7A196335D7006902DE /* AppDelegate.m */ = {isa = PBXFileReference; fileEncoding = 4; lastKnownFileType = sourcecode.c.objc; lineEnding = 0; path = AppDelegate.m; sourceTree = "<group>"; xcLanguageSpecificationIdentifier = xcode.lang.objc; };
		EFC2DB7B196335D7006902DE /* AboutObservatoryViewController.h */ = {isa = PBXFileReference; fileEncoding = 4; lastKnownFileType = sourcecode.c.h; lineEnding = 0; path = AboutObservatoryViewController.h; sourceTree = "<group>"; xcLanguageSpecificationIdentifier = xcode.lang.objcpp; };
		EFC2DB7C196335D7006902DE /* AboutObservatoryViewController.m */ = {isa = PBXFileReference; fileEncoding = 4; lastKnownFileType = sourcecode.c.objc; lineEnding = 0; path = AboutObservatoryViewController.m; sourceTree = "<group>"; xcLanguageSpecificationIdentifier = xcode.lang.objc; };
		EFC2DB7D196335D7006902DE /* AboutObservatoryViewController.xib */ = {isa = PBXFileReference; fileEncoding = 4; lastKnownFileType = file.xib; path = AboutObservatoryViewController.xib; sourceTree = "<group>"; };
		EFC2DB7F196335D7006902DE /* Program.h */ = {isa = PBXFileReference; fileEncoding = 4; lastKnownFileType = sourcecode.c.h; lineEnding = 0; name = Program.h; path = Classes/Program.h; sourceTree = "<group>"; xcLanguageSpecificationIdentifier = xcode.lang.objcpp; };
		EFC2DB80196335D7006902DE /* Program.m */ = {isa = PBXFileReference; fileEncoding = 4; lastKnownFileType = sourcecode.c.objc; lineEnding = 0; name = Program.m; path = Classes/Program.m; sourceTree = "<group>"; xcLanguageSpecificationIdentifier = xcode.lang.objc; };
		EFC2DB81196335D7006902DE /* ProgramCellView.h */ = {isa = PBXFileReference; fileEncoding = 4; lastKnownFileType = sourcecode.c.h; lineEnding = 0; path = ProgramCellView.h; sourceTree = "<group>"; xcLanguageSpecificationIdentifier = xcode.lang.objcpp; };
		EFC2DB82196335D7006902DE /* ProgramCellView.m */ = {isa = PBXFileReference; fileEncoding = 4; lastKnownFileType = sourcecode.c.objc; lineEnding = 0; path = ProgramCellView.m; sourceTree = "<group>"; xcLanguageSpecificationIdentifier = xcode.lang.objc; };
		EFC2DB83196335D7006902DE /* ProgramCellView.xib */ = {isa = PBXFileReference; fileEncoding = 4; lastKnownFileType = file.xib; path = ProgramCellView.xib; sourceTree = "<group>"; };
		EFC2DB84196335D7006902DE /* ProgramDetailCellView.h */ = {isa = PBXFileReference; fileEncoding = 4; lastKnownFileType = sourcecode.c.h; lineEnding = 0; path = ProgramDetailCellView.h; sourceTree = "<group>"; xcLanguageSpecificationIdentifier = xcode.lang.objcpp; };
		EFC2DB85196335D7006902DE /* ProgramDetailCellView.m */ = {isa = PBXFileReference; fileEncoding = 4; lastKnownFileType = sourcecode.c.objc; lineEnding = 0; path = ProgramDetailCellView.m; sourceTree = "<group>"; xcLanguageSpecificationIdentifier = xcode.lang.objc; };
		EFC2DB86196335D7006902DE /* ProgramDetailCellView.xib */ = {isa = PBXFileReference; fileEncoding = 4; lastKnownFileType = file.xib; path = ProgramDetailCellView.xib; sourceTree = "<group>"; };
		EFC2DB87196335D7006902DE /* EventDetailViewController.h */ = {isa = PBXFileReference; fileEncoding = 4; lastKnownFileType = sourcecode.c.h; lineEnding = 0; path = EventDetailViewController.h; sourceTree = "<group>"; xcLanguageSpecificationIdentifier = xcode.lang.objcpp; };
		EFC2DB88196335D7006902DE /* EventDetailViewController.m */ = {isa = PBXFileReference; fileEncoding = 4; lastKnownFileType = sourcecode.c.objc; lineEnding = 0; path = EventDetailViewController.m; sourceTree = "<group>"; xcLanguageSpecificationIdentifier = xcode.lang.objc; };
		EFC2DB89196335D7006902DE /* EventDetailViewController.xib */ = {isa = PBXFileReference; fileEncoding = 4; lastKnownFileType = file.xib; path = EventDetailViewController.xib; sourceTree = "<group>"; };
		EFC2DB8A196335D7006902DE /* ProgramList.h */ = {isa = PBXFileReference; fileEncoding = 4; lastKnownFileType = sourcecode.c.h; lineEnding = 0; name = ProgramList.h; path = Classes/ProgramList.h; sourceTree = "<group>"; xcLanguageSpecificationIdentifier = xcode.lang.objcpp; };
		EFC2DB8B196335D7006902DE /* ProgramList.m */ = {isa = PBXFileReference; fileEncoding = 4; lastKnownFileType = sourcecode.c.objc; lineEnding = 0; name = ProgramList.m; path = Classes/ProgramList.m; sourceTree = "<group>"; xcLanguageSpecificationIdentifier = xcode.lang.objc; };
		EFC2DB8C196335D7006902DE /* ProgramSectionView.h */ = {isa = PBXFileReference; fileEncoding = 4; lastKnownFileType = sourcecode.c.h; lineEnding = 0; path = ProgramSectionView.h; sourceTree = "<group>"; xcLanguageSpecificationIdentifier = xcode.lang.objcpp; };
		EFC2DB8D196335D7006902DE /* ProgramSectionView.m */ = {isa = PBXFileReference; fileEncoding = 4; lastKnownFileType = sourcecode.c.objc; lineEnding = 0; path = ProgramSectionView.m; sourceTree = "<group>"; xcLanguageSpecificationIdentifier = xcode.lang.objc; };
		EFC2DB8E196335D7006902DE /* ProgramSplitViewController.h */ = {isa = PBXFileReference; fileEncoding = 4; lastKnownFileType = sourcecode.c.h; lineEnding = 0; path = ProgramSplitViewController.h; sourceTree = "<group>"; xcLanguageSpecificationIdentifier = xcode.lang.objcpp; };
		EFC2DB8F196335D7006902DE /* ProgramSplitViewController.m */ = {isa = PBXFileReference; fileEncoding = 4; lastKnownFileType = sourcecode.c.objc; lineEnding = 0; path = ProgramSplitViewController.m; sourceTree = "<group>"; xcLanguageSpecificationIdentifier = xcode.lang.objc; };
		EFC2DB90196335D7006902DE /* ProgramSplitViewController_iPad.xib */ = {isa = PBXFileReference; fileEncoding = 4; lastKnownFileType = file.xib; path = ProgramSplitViewController_iPad.xib; sourceTree = "<group>"; };
		EFC2DB91196335D7006902DE /* EventsListViewController.h */ = {isa = PBXFileReference; fileEncoding = 4; lastKnownFileType = sourcecode.c.h; lineEnding = 0; path = EventsListViewController.h; sourceTree = "<group>"; xcLanguageSpecificationIdentifier = xcode.lang.objcpp; };
		EFC2DB92196335D7006902DE /* EventsListViewController.m */ = {isa = PBXFileReference; fileEncoding = 4; lastKnownFileType = sourcecode.c.objc; lineEnding = 0; path = EventsListViewController.m; sourceTree = "<group>"; xcLanguageSpecificationIdentifier = xcode.lang.objc; };
		EFC2DB93196335D7006902DE /* EventsListViewController.xib */ = {isa = PBXFileReference; fileEncoding = 4; lastKnownFileType = file.xib; path = EventsListViewController.xib; sourceTree = "<group>"; };
		EFC2DB94196335D7006902DE /* SplitViewBarButtonItemPresenter.h */ = {isa = PBXFileReference; fileEncoding = 4; lastKnownFileType = sourcecode.c.h; lineEnding = 0; path = SplitViewBarButtonItemPresenter.h; sourceTree = "<group>"; xcLanguageSpecificationIdentifier = xcode.lang.objcpp; };
		EFC2DB99196335D7006902DE /* UIView+position.h */ = {isa = PBXFileReference; fileEncoding = 4; lastKnownFileType = sourcecode.c.h; lineEnding = 0; path = "UIView+position.h"; sourceTree = "<group>"; xcLanguageSpecificationIdentifier = xcode.lang.objcpp; };
		EFC2DB9A196335D7006902DE /* UIView+position.m */ = {isa = PBXFileReference; fileEncoding = 4; lastKnownFileType = sourcecode.c.objc; lineEnding = 0; path = "UIView+position.m"; sourceTree = "<group>"; xcLanguageSpecificationIdentifier = xcode.lang.objc; };
		EFC2DB9B196335D7006902DE /* Utils.h */ = {isa = PBXFileReference; fileEncoding = 4; lastKnownFileType = sourcecode.c.h; lineEnding = 0; path = Utils.h; sourceTree = "<group>"; xcLanguageSpecificationIdentifier = xcode.lang.objcpp; };
		EFC2DB9C196335D7006902DE /* Utils.m */ = {isa = PBXFileReference; fileEncoding = 4; lastKnownFileType = sourcecode.c.objc; lineEnding = 0; path = Utils.m; sourceTree = "<group>"; xcLanguageSpecificationIdentifier = xcode.lang.objc; };
		EFC2DBEC196336C4006902DE /* AFHTTPRequestOperation.h */ = {isa = PBXFileReference; fileEncoding = 4; lastKnownFileType = sourcecode.c.h; path = AFHTTPRequestOperation.h; sourceTree = "<group>"; };
		EFC2DBED196336C4006902DE /* AFHTTPRequestOperation.m */ = {isa = PBXFileReference; fileEncoding = 4; lastKnownFileType = sourcecode.c.objc; path = AFHTTPRequestOperation.m; sourceTree = "<group>"; };
		EFC2DBF4196336C4006902DE /* AFURLConnectionOperation.h */ = {isa = PBXFileReference; fileEncoding = 4; lastKnownFileType = sourcecode.c.h; path = AFURLConnectionOperation.h; sourceTree = "<group>"; };
		EFC2DBF5196336C4006902DE /* AFURLConnectionOperation.m */ = {isa = PBXFileReference; fileEncoding = 4; lastKnownFileType = sourcecode.c.objc; path = AFURLConnectionOperation.m; sourceTree = "<group>"; };
		EFC2DC07196336C4006902DE /* SVModalWebViewController.h */ = {isa = PBXFileReference; fileEncoding = 4; lastKnownFileType = sourcecode.c.h; path = SVModalWebViewController.h; sourceTree = "<group>"; };
		EFC2DC08196336C4006902DE /* SVModalWebViewController.m */ = {isa = PBXFileReference; fileEncoding = 4; lastKnownFileType = sourcecode.c.objc; path = SVModalWebViewController.m; sourceTree = "<group>"; };
		EFC2DC09196336C4006902DE /* SVWebViewController.bundle */ = {isa = PBXFileReference; lastKnownFileType = "wrapper.plug-in"; path = SVWebViewController.bundle; sourceTree = "<group>"; };
		EFC2DC0A196336C4006902DE /* SVWebViewController.h */ = {isa = PBXFileReference; fileEncoding = 4; lastKnownFileType = sourcecode.c.h; path = SVWebViewController.h; sourceTree = "<group>"; };
		EFC2DC0B196336C4006902DE /* SVWebViewController.m */ = {isa = PBXFileReference; fileEncoding = 4; lastKnownFileType = sourcecode.c.objc; path = SVWebViewController.m; sourceTree = "<group>"; };
		EFC2DC2119634EDB006902DE /* background-default.jpg */ = {isa = PBXFileReference; lastKnownFileType = image.jpeg; path = "background-default.jpg"; sourceTree = "<group>"; };
		EFC2DC2F19646C06006902DE /* Accelerate.framework */ = {isa = PBXFileReference; lastKnownFileType = wrapper.framework; name = Accelerate.framework; path = System/Library/Frameworks/Accelerate.framework; sourceTree = SDKROOT; };
		EFC2DC351964724A006902DE /* WeatherViewController.xib */ = {isa = PBXFileReference; fileEncoding = 4; lastKnownFileType = file.xib; path = WeatherViewController.xib; sourceTree = "<group>"; };
		EFC2DC371965F160006902DE /* clear_moon@2x.png */ = {isa = PBXFileReference; lastKnownFileType = image.png; path = "clear_moon@2x.png"; sourceTree = "<group>"; };
		EFEACFE219CEB80800422569 /* AFHTTPRequestOperationManager.h */ = {isa = PBXFileReference; fileEncoding = 4; lastKnownFileType = sourcecode.c.h; path = AFHTTPRequestOperationManager.h; sourceTree = "<group>"; };
		EFEACFE319CEB80800422569 /* AFHTTPRequestOperationManager.m */ = {isa = PBXFileReference; fileEncoding = 4; lastKnownFileType = sourcecode.c.objc; path = AFHTTPRequestOperationManager.m; sourceTree = "<group>"; };
		EFEACFE419CEB80800422569 /* AFHTTPSessionManager.h */ = {isa = PBXFileReference; fileEncoding = 4; lastKnownFileType = sourcecode.c.h; path = AFHTTPSessionManager.h; sourceTree = "<group>"; };
		EFEACFE519CEB80800422569 /* AFHTTPSessionManager.m */ = {isa = PBXFileReference; fileEncoding = 4; lastKnownFileType = sourcecode.c.objc; path = AFHTTPSessionManager.m; sourceTree = "<group>"; };
		EFEACFE619CEB80800422569 /* AFNetworking.h */ = {isa = PBXFileReference; fileEncoding = 4; lastKnownFileType = sourcecode.c.h; path = AFNetworking.h; sourceTree = "<group>"; };
		EFEACFE719CEB80800422569 /* AFNetworkReachabilityManager.h */ = {isa = PBXFileReference; fileEncoding = 4; lastKnownFileType = sourcecode.c.h; path = AFNetworkReachabilityManager.h; sourceTree = "<group>"; };
		EFEACFE819CEB80800422569 /* AFNetworkReachabilityManager.m */ = {isa = PBXFileReference; fileEncoding = 4; lastKnownFileType = sourcecode.c.objc; path = AFNetworkReachabilityManager.m; sourceTree = "<group>"; };
		EFEACFE919CEB80800422569 /* AFSecurityPolicy.h */ = {isa = PBXFileReference; fileEncoding = 4; lastKnownFileType = sourcecode.c.h; path = AFSecurityPolicy.h; sourceTree = "<group>"; };
		EFEACFEA19CEB80800422569 /* AFSecurityPolicy.m */ = {isa = PBXFileReference; fileEncoding = 4; lastKnownFileType = sourcecode.c.objc; path = AFSecurityPolicy.m; sourceTree = "<group>"; };
		EFEACFEB19CEB80800422569 /* AFURLRequestSerialization.h */ = {isa = PBXFileReference; fileEncoding = 4; lastKnownFileType = sourcecode.c.h; path = AFURLRequestSerialization.h; sourceTree = "<group>"; };
		EFEACFEC19CEB80800422569 /* AFURLRequestSerialization.m */ = {isa = PBXFileReference; fileEncoding = 4; lastKnownFileType = sourcecode.c.objc; path = AFURLRequestSerialization.m; sourceTree = "<group>"; };
		EFEACFED19CEB80800422569 /* AFURLResponseSerialization.h */ = {isa = PBXFileReference; fileEncoding = 4; lastKnownFileType = sourcecode.c.h; path = AFURLResponseSerialization.h; sourceTree = "<group>"; };
		EFEACFEE19CEB80800422569 /* AFURLResponseSerialization.m */ = {isa = PBXFileReference; fileEncoding = 4; lastKnownFileType = sourcecode.c.objc; path = AFURLResponseSerialization.m; sourceTree = "<group>"; };
		EFEACFEF19CEB80800422569 /* AFURLSessionManager.h */ = {isa = PBXFileReference; fileEncoding = 4; lastKnownFileType = sourcecode.c.h; path = AFURLSessionManager.h; sourceTree = "<group>"; };
		EFEACFF019CEB80800422569 /* AFURLSessionManager.m */ = {isa = PBXFileReference; fileEncoding = 4; lastKnownFileType = sourcecode.c.objc; path = AFURLSessionManager.m; sourceTree = "<group>"; };
		EFECB9ED196DD24D00D524FD /* Reveal.framework */ = {isa = PBXFileReference; lastKnownFileType = wrapper.framework; name = Reveal.framework; path = Hvezdarna/Libraries/Reveal.framework; sourceTree = "<group>"; };
/* End PBXFileReference section */

/* Begin PBXFrameworksBuildPhase section */
		B0AC4C1F15DA75B80075D628 /* Frameworks */ = {
			isa = PBXFrameworksBuildPhase;
			buildActionMask = 2147483647;
			files = (
				EF844B9B19CEBA8700CE392B /* MobileCoreServices.framework in Frameworks */,
				EF844B9919CEBA5900CE392B /* Security.framework in Frameworks */,
				EF59282E196B1D0100578709 /* CoreText.framework in Frameworks */,
				EFC2DC3019646C06006902DE /* Accelerate.framework in Frameworks */,
				EFA681F816502A8D007BDA4F /* SystemConfiguration.framework in Frameworks */,
				EF01346E163BE4DB00AB0FD4 /* libsqlite3.dylib in Frameworks */,
				B0AC4C2715DA75B80075D628 /* UIKit.framework in Frameworks */,
				B0AC4C7A15DA7FEA0075D628 /* QuartzCore.framework in Frameworks */,
				B0AC4C2915DA75B80075D628 /* Foundation.framework in Frameworks */,
				EFECB9EE196DD24D00D524FD /* Reveal.framework in Frameworks */,
				B0AC4C2B15DA75B80075D628 /* CoreGraphics.framework in Frameworks */,
				EF13F0B1164AA7450040328A /* MessageUI.framework in Frameworks */,
			);
			runOnlyForDeploymentPostprocessing = 0;
		};
/* End PBXFrameworksBuildPhase section */

/* Begin PBXGroup section */
		B0AC4C1715DA75B80075D628 = {
			isa = PBXGroup;
			children = (
				B0AC4C2C15DA75B80075D628 /* Hvezdarna */,
				B0AC4C2515DA75B80075D628 /* Frameworks */,
				B0AC4C2315DA75B80075D628 /* Products */,
			);
			sourceTree = "<group>";
		};
		B0AC4C2315DA75B80075D628 /* Products */ = {
			isa = PBXGroup;
			children = (
				B0AC4C2215DA75B80075D628 /* Hvezdarna.app */,
			);
			name = Products;
			sourceTree = "<group>";
		};
		B0AC4C2515DA75B80075D628 /* Frameworks */ = {
			isa = PBXGroup;
			children = (
				EFC2DBEB196336C4006902DE /* AFNetworking */,
				EF844B9C19CEBEA100CE392B /* fmdb */,
				EF592829196B1CAD00578709 /* RTLabel */,
				EFC2DC06196336C4006902DE /* SVWebViewController */,
				EFECB9ED196DD24D00D524FD /* Reveal.framework */,
				EF844B9A19CEBA8700CE392B /* MobileCoreServices.framework */,
				EF844B9819CEBA5900CE392B /* Security.framework */,
				EFC2DC2F19646C06006902DE /* Accelerate.framework */,
				B0AC4C2A15DA75B80075D628 /* CoreGraphics.framework */,
				EF59282D196B1D0100578709 /* CoreText.framework */,
				B0AC4C2815DA75B80075D628 /* Foundation.framework */,
				EF01346D163BE4DB00AB0FD4 /* libsqlite3.dylib */,
				EF13F0B0164AA7450040328A /* MessageUI.framework */,
				B0AC4C7815DA7FE00075D628 /* QuartzCore.framework */,
				EFA681F716502A8D007BDA4F /* SystemConfiguration.framework */,
				B0AC4C2615DA75B80075D628 /* UIKit.framework */,
			);
			name = Frameworks;
			sourceTree = "<group>";
		};
		B0AC4C2C15DA75B80075D628 /* Hvezdarna */ = {
			isa = PBXGroup;
			children = (
				EFC2DB6E196335D7006902DE /* Classes */,
				EFC2DC1D1963394B006902DE /* Categories */,
				B0AC4C2D15DA75B80075D628 /* Supporting Files */,
				B0AC4C6F15DA7D220075D628 /* Resources */,
			);
			path = Hvezdarna;
			sourceTree = "<group>";
		};
		B0AC4C2D15DA75B80075D628 /* Supporting Files */ = {
			isa = PBXGroup;
			children = (
				B0AC4C2E15DA75B80075D628 /* Hvezdarna-Info.plist */,
				B0AC4C3215DA75B80075D628 /* main.m */,
				B0AC4C3415DA75B80075D628 /* Hvezdarna-Prefix.pch */,
			);
			name = "Supporting Files";
			sourceTree = "<group>";
		};
		B0AC4C6F15DA7D220075D628 /* Resources */ = {
			isa = PBXGroup;
			children = (
				EF9434151879D7C4003D7BEF /* Icons */,
				EF94342A1879D7C4003D7BEF /* Images */,
			);
			path = Resources;
			sourceTree = "<group>";
		};
		EF592829196B1CAD00578709 /* RTLabel */ = {
			isa = PBXGroup;
			children = (
				EF59282A196B1CAD00578709 /* RTLabel.h */,
				EF59282B196B1CAD00578709 /* RTLabel.m */,
			);
			name = RTLabel;
			path = Hvezdarna/Libraries/RTLabel;
			sourceTree = "<group>";
		};
		EF844B9C19CEBEA100CE392B /* fmdb */ = {
			isa = PBXGroup;
			children = (
				EF844B9D19CEBEA100CE392B /* FMDatabase.h */,
				EF844B9E19CEBEA100CE392B /* FMDatabase.m */,
				EF844B9F19CEBEA100CE392B /* FMDatabaseAdditions.h */,
				EF844BA019CEBEA100CE392B /* FMDatabaseAdditions.m */,
				EF844BA119CEBEA100CE392B /* FMDatabasePool.h */,
				EF844BA219CEBEA100CE392B /* FMDatabasePool.m */,
				EF844BA319CEBEA100CE392B /* FMDatabaseQueue.h */,
				EF844BA419CEBEA100CE392B /* FMDatabaseQueue.m */,
				EF844BA519CEBEA100CE392B /* FMDB.h */,
				EF844BA619CEBEA100CE392B /* FMResultSet.h */,
				EF844BA719CEBEA100CE392B /* FMResultSet.m */,
			);
			name = fmdb;
			path = Hvezdarna/Libraries/fmdb;
			sourceTree = "<group>";
		};
		EF9434151879D7C4003D7BEF /* Icons */ = {
			isa = PBXGroup;
			children = (
				EFB64459197474E100F51C8F /* AppIcon29x29.png */,
				EFB6445A197474E100F51C8F /* AppIcon29x29@2x.png */,
				EFB6445B197474E100F51C8F /* AppIcon40x40.png */,
				EFB6445C197474E100F51C8F /* AppIcon40x40@2x.png */,
				EFB6445D197474E100F51C8F /* AppIcon50x50.png */,
				EFB6445E197474E100F51C8F /* AppIcon50x50@2x.png */,
				EFB6445F197474E100F51C8F /* AppIcon57x57.png */,
				EFB64460197474E100F51C8F /* AppIcon57x57@2x.png */,
				EFB64461197474E100F51C8F /* AppIcon60x60.png */,
				EFB64462197474E100F51C8F /* AppIcon60x60@2x.png */,
				EFB64463197474E100F51C8F /* AppIcon72x72.png */,
				EFB64464197474E100F51C8F /* AppIcon72x72@2x.png */,
				EFB64465197474E100F51C8F /* AppIcon76x76.png */,
				EFB64466197474E100F51C8F /* AppIcon76x76@2x.png */,
				EF9434241879D7C4003D7BEF /* iTunesArtwork */,
				EF9434251879D7C4003D7BEF /* iTunesArtwork@2x */,
			);
			path = Icons;
			sourceTree = "<group>";
		};
		EF94342A1879D7C4003D7BEF /* Images */ = {
			isa = PBXGroup;
			children = (
				EF94343A1879D7C4003D7BEF /* icons */,
				EF94345B1879D7C4003D7BEF /* weather */,
				EFC2DC2119634EDB006902DE /* background-default.jpg */,
				EF9434331879D7C4003D7BEF /* Default-568h@2x.png */,
				EF9434341879D7C4003D7BEF /* Default-Landscape@2x~ipad.png */,
				EF9434351879D7C4003D7BEF /* Default-Landscape~ipad.png */,
				EF9434361879D7C4003D7BEF /* Default.png */,
				EF9434371879D7C4003D7BEF /* Default@2x.png */,
				EF9434381879D7C4003D7BEF /* hvezdarna-logo.png */,
				EF9434391879D7C4003D7BEF /* hvezdarna-logo@2x.png */,
				EF9434491879D7C4003D7BEF /* logo.png */,
				EF94344A1879D7C4003D7BEF /* logo@2x.png */,
				EF94344F1879D7C4003D7BEF /* navigation.png */,
				EF9434501879D7C4003D7BEF /* navigation@2x.png */,
				EF9434531879D7C4003D7BEF /* o-hvezdarne-bg@2x.png */,
				EF9434591879D7C4003D7BEF /* tabbar-bg.png */,
				EF94345A1879D7C4003D7BEF /* tabbar-bg@2x.png */,
			);
			path = Images;
			sourceTree = "<group>";
		};
		EF94343A1879D7C4003D7BEF /* icons */ = {
			isa = PBXGroup;
			children = (
				EF94343E1879D7C4003D7BEF /* about@2x.png */,
				EF9434401879D7C4003D7BEF /* actual@2x.png */,
				EF9434421879D7C4003D7BEF /* programme@2x.png */,
				EF9434441879D7C4003D7BEF /* twitter@2x.png */,
			);
			path = icons;
			sourceTree = "<group>";
		};
		EF94345B1879D7C4003D7BEF /* weather */ = {
			isa = PBXGroup;
			children = (
				EFC2DC371965F160006902DE /* clear_moon@2x.png */,
				EF94345F1879D7C4003D7BEF /* clear_sun@2x.png */,
				EF9434611879D7C4003D7BEF /* cloudy@2x.png */,
				EF94346F1879D7C4003D7BEF /* rain@2x.png */,
			);
			path = weather;
			sourceTree = "<group>";
		};
		EFC2DB6E196335D7006902DE /* Classes */ = {
			isa = PBXGroup;
			children = (
				EFC2DC1B19633920006902DE /* Weather view */,
				EFECB9EB196DB59900D524FD /* Events List view */,
				EFC2DC1C19633928006902DE /* Event Detail view */,
				EFC2DC1E1963399B006902DE /* About views */,
				EFC2DC1F196339CD006902DE /* Element views */,
				EFECB9EC196DB5C800D524FD /* Models */,
				EFC2DB79196335D7006902DE /* AppDelegate.h */,
				EFC2DB7A196335D7006902DE /* AppDelegate.m */,
			);
			path = Classes;
			sourceTree = "<group>";
		};
		EFC2DBEB196336C4006902DE /* AFNetworking */ = {
			isa = PBXGroup;
			children = (
				EFC2DBEC196336C4006902DE /* AFHTTPRequestOperation.h */,
				EFC2DBED196336C4006902DE /* AFHTTPRequestOperation.m */,
				EFEACFE219CEB80800422569 /* AFHTTPRequestOperationManager.h */,
				EFEACFE319CEB80800422569 /* AFHTTPRequestOperationManager.m */,
				EFEACFE419CEB80800422569 /* AFHTTPSessionManager.h */,
				EFEACFE519CEB80800422569 /* AFHTTPSessionManager.m */,
				EFEACFE619CEB80800422569 /* AFNetworking.h */,
				EFEACFE719CEB80800422569 /* AFNetworkReachabilityManager.h */,
				EFEACFE819CEB80800422569 /* AFNetworkReachabilityManager.m */,
				EFEACFE919CEB80800422569 /* AFSecurityPolicy.h */,
				EFEACFEA19CEB80800422569 /* AFSecurityPolicy.m */,
				EFC2DBF4196336C4006902DE /* AFURLConnectionOperation.h */,
				EFC2DBF5196336C4006902DE /* AFURLConnectionOperation.m */,
				EFEACFEB19CEB80800422569 /* AFURLRequestSerialization.h */,
				EFEACFEC19CEB80800422569 /* AFURLRequestSerialization.m */,
				EFEACFED19CEB80800422569 /* AFURLResponseSerialization.h */,
				EFEACFEE19CEB80800422569 /* AFURLResponseSerialization.m */,
				EFEACFEF19CEB80800422569 /* AFURLSessionManager.h */,
				EFEACFF019CEB80800422569 /* AFURLSessionManager.m */,
			);
			name = AFNetworking;
			path = Hvezdarna/Libraries/AFNetworking;
			sourceTree = "<group>";
		};
		EFC2DC06196336C4006902DE /* SVWebViewController */ = {
			isa = PBXGroup;
			children = (
				EFC2DC07196336C4006902DE /* SVModalWebViewController.h */,
				EFC2DC08196336C4006902DE /* SVModalWebViewController.m */,
				EFC2DC09196336C4006902DE /* SVWebViewController.bundle */,
				EFC2DC0A196336C4006902DE /* SVWebViewController.h */,
				EFC2DC0B196336C4006902DE /* SVWebViewController.m */,
			);
			name = SVWebViewController;
			path = Hvezdarna/Libraries/SVWebViewController;
			sourceTree = "<group>";
		};
		EFC2DC1B19633920006902DE /* Weather view */ = {
			isa = PBXGroup;
			children = (
				EFC2DB73196335D7006902DE /* WeatherViewController.h */,
				EFC2DB74196335D7006902DE /* WeatherViewController.m */,
				EFC2DC351964724A006902DE /* WeatherViewController.xib */,
			);
			name = "Weather view";
			sourceTree = "<group>";
		};
		EFC2DC1C19633928006902DE /* Event Detail view */ = {
			isa = PBXGroup;
			children = (
				EFC2DB84196335D7006902DE /* ProgramDetailCellView.h */,
				EFC2DB85196335D7006902DE /* ProgramDetailCellView.m */,
				EFC2DB86196335D7006902DE /* ProgramDetailCellView.xib */,
				EFC2DB87196335D7006902DE /* EventDetailViewController.h */,
				EFC2DB88196335D7006902DE /* EventDetailViewController.m */,
				EFC2DB89196335D7006902DE /* EventDetailViewController.xib */,
			);
			name = "Event Detail view";
			sourceTree = "<group>";
		};
		EFC2DC1D1963394B006902DE /* Categories */ = {
			isa = PBXGroup;
			children = (
				EFC2DB99196335D7006902DE /* UIView+position.h */,
				EFC2DB9A196335D7006902DE /* UIView+position.m */,
				EFC2DB9B196335D7006902DE /* Utils.h */,
				EFC2DB9C196335D7006902DE /* Utils.m */,
			);
			name = Categories;
			path = Classes;
			sourceTree = "<group>";
		};
		EFC2DC1E1963399B006902DE /* About views */ = {
			isa = PBXGroup;
			children = (
				EFC2DB7B196335D7006902DE /* AboutObservatoryViewController.h */,
				EFC2DB7C196335D7006902DE /* AboutObservatoryViewController.m */,
				EFC2DB7D196335D7006902DE /* AboutObservatoryViewController.xib */,
			);
			name = "About views";
			sourceTree = "<group>";
		};
		EFC2DC1F196339CD006902DE /* Element views */ = {
			isa = PBXGroup;
			children = (
			);
			name = "Element views";
			sourceTree = "<group>";
		};
		EFECB9EB196DB59900D524FD /* Events List view */ = {
			isa = PBXGroup;
			children = (
				EFC2DB81196335D7006902DE /* ProgramCellView.h */,
				EFC2DB82196335D7006902DE /* ProgramCellView.m */,
				EFC2DB83196335D7006902DE /* ProgramCellView.xib */,
				EFC2DB8C196335D7006902DE /* ProgramSectionView.h */,
				EFC2DB8D196335D7006902DE /* ProgramSectionView.m */,
				EFC2DB8E196335D7006902DE /* ProgramSplitViewController.h */,
				EFC2DB8F196335D7006902DE /* ProgramSplitViewController.m */,
				EFC2DB90196335D7006902DE /* ProgramSplitViewController_iPad.xib */,
				EFC2DB91196335D7006902DE /* EventsListViewController.h */,
				EFC2DB92196335D7006902DE /* EventsListViewController.m */,
				EFC2DB93196335D7006902DE /* EventsListViewController.xib */,
				EFC2DB94196335D7006902DE /* SplitViewBarButtonItemPresenter.h */,
			);
			name = "Events List view";
			sourceTree = "<group>";
		};
		EFECB9EC196DB5C800D524FD /* Models */ = {
			isa = PBXGroup;
			children = (
				EFC2DB7F196335D7006902DE /* Program.h */,
				EFC2DB80196335D7006902DE /* Program.m */,
				EFC2DB8A196335D7006902DE /* ProgramList.h */,
				EFC2DB8B196335D7006902DE /* ProgramList.m */,
			);
			name = Models;
			path = ..;
			sourceTree = "<group>";
		};
/* End PBXGroup section */

/* Begin PBXNativeTarget section */
		B0AC4C2115DA75B80075D628 /* Hvezdarna */ = {
			isa = PBXNativeTarget;
			buildConfigurationList = B0AC4C5415DA75B80075D628 /* Build configuration list for PBXNativeTarget "Hvezdarna" */;
			buildPhases = (
				B0AC4C1E15DA75B80075D628 /* Sources */,
				B0AC4C1F15DA75B80075D628 /* Frameworks */,
				B0AC4C2015DA75B80075D628 /* Resources */,
			);
			buildRules = (
			);
			dependencies = (
			);
			name = Hvezdarna;
			productName = Hvezdarna;
			productReference = B0AC4C2215DA75B80075D628 /* Hvezdarna.app */;
			productType = "com.apple.product-type.application";
		};
/* End PBXNativeTarget section */

/* Begin PBXProject section */
		B0AC4C1915DA75B80075D628 /* Project object */ = {
			isa = PBXProject;
			attributes = {
				LastUpgradeCheck = 0510;
				ORGANIZATIONNAME = Heartpix;
				TargetAttributes = {
					B0AC4C2115DA75B80075D628 = {
						DevelopmentTeam = WZAKCTX75Z;
					};
				};
			};
			buildConfigurationList = B0AC4C1C15DA75B80075D628 /* Build configuration list for PBXProject "Hvezdarna" */;
			compatibilityVersion = "Xcode 3.2";
			developmentRegion = English;
			hasScannedForEncodings = 0;
			knownRegions = (
				en,
				cs,
			);
			mainGroup = B0AC4C1715DA75B80075D628;
			productRefGroup = B0AC4C2315DA75B80075D628 /* Products */;
			projectDirPath = "";
			projectRoot = "";
			targets = (
				B0AC4C2115DA75B80075D628 /* Hvezdarna */,
			);
		};
/* End PBXProject section */

/* Begin PBXResourcesBuildPhase section */
		B0AC4C2015DA75B80075D628 /* Resources */ = {
			isa = PBXResourcesBuildPhase;
			buildActionMask = 2147483647;
			files = (
				EFB64470197474E100F51C8F /* AppIcon60x60@2x.png in Resources */,
				EFB64474197474E100F51C8F /* AppIcon76x76@2x.png in Resources */,
				EF9434C21879D7C4003D7BEF /* tabbar-bg.png in Resources */,
				EFB64469197474E100F51C8F /* AppIcon40x40.png in Resources */,
				EFC2DBA7196335D7006902DE /* AboutObservatoryViewController.xib in Resources */,
				EFC2DBAB196335D7006902DE /* ProgramCellView.xib in Resources */,
				EFC2DC2219634EDB006902DE /* background-default.jpg in Resources */,
				EF9434C91879D7C4003D7BEF /* cloudy@2x.png in Resources */,
				EF9434A31879D7C4003D7BEF /* hvezdarna-logo@2x.png in Resources */,
				EF9434A21879D7C4003D7BEF /* hvezdarna-logo.png in Resources */,
				EFB6446C197474E100F51C8F /* AppIcon50x50@2x.png in Resources */,
				EF9434A11879D7C4003D7BEF /* Default@2x.png in Resources */,
				EF9434B21879D7C4003D7BEF /* logo.png in Resources */,
				EF9434A71879D7C4003D7BEF /* about@2x.png in Resources */,
				EFB64473197474E100F51C8F /* AppIcon76x76.png in Resources */,
				EFC2DBAF196335D7006902DE /* EventDetailViewController.xib in Resources */,
				EFB64472197474E100F51C8F /* AppIcon72x72@2x.png in Resources */,
				EF9434C71879D7C4003D7BEF /* clear_sun@2x.png in Resources */,
				EF94349E1879D7C4003D7BEF /* Default-Landscape@2x~ipad.png in Resources */,
				EF9434B31879D7C4003D7BEF /* logo@2x.png in Resources */,
				EFC2DBB5196335D7006902DE /* EventsListViewController.xib in Resources */,
				EFB64467197474E100F51C8F /* AppIcon29x29.png in Resources */,
				EFC2DBAD196335D7006902DE /* ProgramDetailCellView.xib in Resources */,
				EF9434A91879D7C4003D7BEF /* actual@2x.png in Resources */,
				EFB6446E197474E100F51C8F /* AppIcon57x57@2x.png in Resources */,
				EFC2DC361964724A006902DE /* WeatherViewController.xib in Resources */,
				EFB64471197474E100F51C8F /* AppIcon72x72.png in Resources */,
				EFC2DC19196336C4006902DE /* SVWebViewController.bundle in Resources */,
				EF9434BC1879D7C4003D7BEF /* o-hvezdarne-bg@2x.png in Resources */,
				EFB6446A197474E100F51C8F /* AppIcon40x40@2x.png in Resources */,
				EFB6446B197474E100F51C8F /* AppIcon50x50.png in Resources */,
				EF94349D1879D7C4003D7BEF /* Default-568h@2x.png in Resources */,
				EF9434B81879D7C4003D7BEF /* navigation.png in Resources */,
				EF9434AD1879D7C4003D7BEF /* twitter@2x.png in Resources */,
				EF9434B91879D7C4003D7BEF /* navigation@2x.png in Resources */,
				EF9434AB1879D7C4003D7BEF /* programme@2x.png in Resources */,
				EFC2DC381965F160006902DE /* clear_moon@2x.png in Resources */,
				EF9434D71879D7C4003D7BEF /* rain@2x.png in Resources */,
				EFC2DBB3196335D7006902DE /* ProgramSplitViewController_iPad.xib in Resources */,
				EF9434901879D7C4003D7BEF /* iTunesArtwork in Resources */,
				EF9434C31879D7C4003D7BEF /* tabbar-bg@2x.png in Resources */,
				EFB64468197474E100F51C8F /* AppIcon29x29@2x.png in Resources */,
				EFB6446F197474E100F51C8F /* AppIcon60x60.png in Resources */,
				EF9434911879D7C4003D7BEF /* iTunesArtwork@2x in Resources */,
				EFB6446D197474E100F51C8F /* AppIcon57x57.png in Resources */,
				EF94349F1879D7C4003D7BEF /* Default-Landscape~ipad.png in Resources */,
				EF9434A01879D7C4003D7BEF /* Default.png in Resources */,
			);
			runOnlyForDeploymentPostprocessing = 0;
		};
/* End PBXResourcesBuildPhase section */

/* Begin PBXSourcesBuildPhase section */
		B0AC4C1E15DA75B80075D628 /* Sources */ = {
			isa = PBXSourcesBuildPhase;
			buildActionMask = 2147483647;
			files = (
				EFC2DBAE196335D7006902DE /* EventDetailViewController.m in Sources */,
				EFC2DBA6196335D7006902DE /* AboutObservatoryViewController.m in Sources */,
				EFC2DC10196336C4006902DE /* AFURLConnectionOperation.m in Sources */,
				EFC2DBB4196335D7006902DE /* EventsListViewController.m in Sources */,
				EF844BAA19CEBEA100CE392B /* FMDatabasePool.m in Sources */,
				EF844BAB19CEBEA100CE392B /* FMDatabaseQueue.m in Sources */,
				EFC2DBB8196335D7006902DE /* UIView+position.m in Sources */,
				EFC2DC0C196336C4006902DE /* AFHTTPRequestOperation.m in Sources */,
				EFEACFF719CEB80800422569 /* AFURLSessionManager.m in Sources */,
				EFEACFF319CEB80800422569 /* AFNetworkReachabilityManager.m in Sources */,
				B0AC4C3315DA75B80075D628 /* main.m in Sources */,
				EF844BAC19CEBEA100CE392B /* FMResultSet.m in Sources */,
				EFC2DBB2196335D7006902DE /* ProgramSplitViewController.m in Sources */,
				EFC2DC1A196336C4006902DE /* SVWebViewController.m in Sources */,
				EFEACFF619CEB80800422569 /* AFURLResponseSerialization.m in Sources */,
				EF844BA819CEBEA100CE392B /* FMDatabase.m in Sources */,
				EFC2DC18196336C4006902DE /* SVModalWebViewController.m in Sources */,
				EFC2DBA5196335D7006902DE /* AppDelegate.m in Sources */,
				EFC2DBA9196335D7006902DE /* Program.m in Sources */,
				EF59282C196B1CAD00578709 /* RTLabel.m in Sources */,
				EFC2DBB1196335D7006902DE /* ProgramSectionView.m in Sources */,
				EFC2DBB9196335D7006902DE /* Utils.m in Sources */,
				EF844BA919CEBEA100CE392B /* FMDatabaseAdditions.m in Sources */,
				EFEACFF419CEB80800422569 /* AFSecurityPolicy.m in Sources */,
				EFEACFF119CEB80800422569 /* AFHTTPRequestOperationManager.m in Sources */,
				EFEACFF219CEB80800422569 /* AFHTTPSessionManager.m in Sources */,
				EFC2DBB0196335D7006902DE /* ProgramList.m in Sources */,
				EFC2DBAA196335D7006902DE /* ProgramCellView.m in Sources */,
				EFEACFF519CEB80800422569 /* AFURLRequestSerialization.m in Sources */,
				EFC2DBAC196335D7006902DE /* ProgramDetailCellView.m in Sources */,
				EFC2DBA1196335D7006902DE /* WeatherViewController.m in Sources */,
			);
			runOnlyForDeploymentPostprocessing = 0;
		};
/* End PBXSourcesBuildPhase section */

/* Begin XCBuildConfiguration section */
		B0AC4C5215DA75B80075D628 /* Debug */ = {
			isa = XCBuildConfiguration;
			buildSettings = {
				ALWAYS_SEARCH_USER_PATHS = YES;
				ARCHS = armv7;
				CLANG_CXX_LANGUAGE_STANDARD = "gnu++0x";
				CLANG_ENABLE_OBJC_ARC = YES;
				CLANG_WARN__DUPLICATE_METHOD_MATCH = YES;
				CODE_SIGN_IDENTITY = "iPhone Developer";
				COPY_PHASE_STRIP = NO;
				GCC_C_LANGUAGE_STANDARD = gnu99;
				GCC_DYNAMIC_NO_PIC = NO;
				GCC_OPTIMIZATION_LEVEL = 0;
				GCC_PREPROCESSOR_DEFINITIONS = (
					"DEBUG=1",
					"$(inherited)",
				);
				GCC_SYMBOLS_PRIVATE_EXTERN = NO;
				GCC_WARN_ABOUT_RETURN_TYPE = YES;
				GCC_WARN_UNINITIALIZED_AUTOS = YES;
				GCC_WARN_UNUSED_VARIABLE = YES;
				HEADER_SEARCH_PATHS = "${SRCROOT}/Hvezdarna/Lib/**";
				IPHONEOS_DEPLOYMENT_TARGET = 6.1;
				ONLY_ACTIVE_ARCH = YES;
				SDKROOT = iphoneos;
				VALID_ARCHS = armv7;
			};
			name = Debug;
		};
		B0AC4C5315DA75B80075D628 /* Release */ = {
			isa = XCBuildConfiguration;
			buildSettings = {
				ALWAYS_SEARCH_USER_PATHS = YES;
				ARCHS = armv7;
				CLANG_CXX_LANGUAGE_STANDARD = "gnu++0x";
				CLANG_ENABLE_OBJC_ARC = YES;
				CLANG_WARN__DUPLICATE_METHOD_MATCH = YES;
				CODE_SIGN_IDENTITY = "iPhone Developer";
				COPY_PHASE_STRIP = YES;
				GCC_C_LANGUAGE_STANDARD = gnu99;
				GCC_WARN_ABOUT_RETURN_TYPE = YES;
				GCC_WARN_UNINITIALIZED_AUTOS = YES;
				GCC_WARN_UNUSED_VARIABLE = YES;
				HEADER_SEARCH_PATHS = "${SRCROOT}/Hvezdarna/Lib/**";
				IPHONEOS_DEPLOYMENT_TARGET = 6.1;
				OTHER_CFLAGS = "-DNS_BLOCK_ASSERTIONS=1";
				SDKROOT = iphoneos;
				VALIDATE_PRODUCT = YES;
				VALID_ARCHS = armv7;
			};
			name = Release;
		};
		B0AC4C5515DA75B80075D628 /* Debug */ = {
			isa = XCBuildConfiguration;
			buildSettings = {
				CODE_SIGN_IDENTITY = "iPhone Developer";
				FRAMEWORK_SEARCH_PATHS = (
					"$(inherited)",
					"$(PROJECT_DIR)/Hvezdarna/Libraries",
				);
				GCC_PRECOMPILE_PREFIX_HEADER = YES;
				GCC_PREFIX_HEADER = "Hvezdarna/Hvezdarna-Prefix.pch";
				INFOPLIST_FILE = "Hvezdarna/Hvezdarna-Info.plist";
				PRODUCT_NAME = "$(TARGET_NAME)";
				TARGETED_DEVICE_FAMILY = "1,2";
				WRAPPER_EXTENSION = app;
			};
			name = Debug;
		};
		B0AC4C5615DA75B80075D628 /* Release */ = {
			isa = XCBuildConfiguration;
			buildSettings = {
				CODE_SIGN_IDENTITY = "iPhone Developer";
				FRAMEWORK_SEARCH_PATHS = (
					"$(inherited)",
					"$(PROJECT_DIR)/Hvezdarna/Libraries",
				);
				GCC_PRECOMPILE_PREFIX_HEADER = YES;
				GCC_PREFIX_HEADER = "Hvezdarna/Hvezdarna-Prefix.pch";
				INFOPLIST_FILE = "Hvezdarna/Hvezdarna-Info.plist";
				PRODUCT_NAME = "$(TARGET_NAME)";
				TARGETED_DEVICE_FAMILY = "1,2";
				WRAPPER_EXTENSION = app;
			};
			name = Release;
		};
/* End XCBuildConfiguration section */

/* Begin XCConfigurationList section */
		B0AC4C1C15DA75B80075D628 /* Build configuration list for PBXProject "Hvezdarna" */ = {
			isa = XCConfigurationList;
			buildConfigurations = (
				B0AC4C5215DA75B80075D628 /* Debug */,
				B0AC4C5315DA75B80075D628 /* Release */,
			);
			defaultConfigurationIsVisible = 0;
			defaultConfigurationName = Release;
		};
		B0AC4C5415DA75B80075D628 /* Build configuration list for PBXNativeTarget "Hvezdarna" */ = {
			isa = XCConfigurationList;
			buildConfigurations = (
				B0AC4C5515DA75B80075D628 /* Debug */,
				B0AC4C5615DA75B80075D628 /* Release */,
			);
			defaultConfigurationIsVisible = 0;
			defaultConfigurationName = Release;
		};
/* End XCConfigurationList section */
	};
	rootObject = B0AC4C1915DA75B80075D628 /* Project object */;
}
